Microsoft Visual Studio Solution File, Format Version 11.00
# Visual Studio 2008

Project("{80E198A9-8304-C607-E533-70FBF95E2947}") = "DicePirate", "Assembly-CSharp-firstpass-vs.csproj", "{A46D026F-D8AD-FD4C-9E8A-27FA84D8B9FF}"
EndProject
Project("{80E198A9-8304-C607-E533-70FBF95E2947}") = "DicePirate", "Assembly-CSharp-vs.csproj", "{1970BDD9-EF33-3186-5FBA-F2436F4E5123}"
EndProject
Global
	GlobalSection(SolutionConfigurationPlatforms) = preSolution
		Debug|Any CPU = Debug|Any CPU
		Release|Any CPU = Release|Any CPU
	EndGlobalSection
	GlobalSection(ProjectConfigurationPlatforms) = postSolution
		{A46D026F-D8AD-FD4C-9E8A-27FA84D8B9FF}.Debug|Any CPU.ActiveCfg = Debug|Any CPU
		{A46D026F-D8AD-FD4C-9E8A-27FA84D8B9FF}.Debug|Any CPU.Build.0 = Debug|Any CPU
		{A46D026F-D8AD-FD4C-9E8A-27FA84D8B9FF}.Release|Any CPU.ActiveCfg = Release|Any CPU
		{A46D026F-D8AD-FD4C-9E8A-27FA84D8B9FF}.Release|Any CPU.Build.0 = Release|Any CPU
		{1970BDD9-EF33-3186-5FBA-F2436F4E5123}.Debug|Any CPU.ActiveCfg = Debug|Any CPU
		{1970BDD9-EF33-3186-5FBA-F2436F4E5123}.Debug|Any CPU.Build.0 = Debug|Any CPU
		{1970BDD9-EF33-3186-5FBA-F2436F4E5123}.Release|Any CPU.ActiveCfg = Release|Any CPU
		{1970BDD9-EF33-3186-5FBA-F2436F4E5123}.Release|Any CPU.Build.0 = Release|Any CPU
	EndGlobalSection
	GlobalSection(SolutionProperties) = preSolution
		HideSolutionNode = FALSE
	EndGlobalSection
																		GlobalSection(MonoDevelopProperties) = preSolution
		StartupItem = Assembly-CSharp.csproj
		Policies = $0
		$0.TextStylePolicy = $1
		$1.inheritsSet = null
		$1.scope = text/x-csharp
		$0.CSharpFormattingPolicy = $2
		$2.inheritsSet = Mono
		$2.inheritsScope = text/x-csharp
		$2.scope = text/x-csharp
		$0.TextStylePolicy = $3
		$3.FileWidth = 120
		$3.TabWidth = 4
		$3.EolMarker = Unix
		$3.inheritsSet = Mono
		$3.inheritsScope = text/plain
		$3.scope = text/plain
	EndGlobalSection

EndGlobal
